// !$*UTF8*$!
{
	archiveVersion = 1;
	classes = {
	};
	objectVersion = 46;
	objects = {

/* Begin PBXBuildFile section */
		8E6403661BCB3F3300EF3C4C /* main.m in Sources */ = {isa = PBXBuildFile; fileRef = 8E6403651BCB3F3300EF3C4C /* main.m */; };
		8E6403691BCB3F3300EF3C4C /* AppDelegate.m in Sources */ = {isa = PBXBuildFile; fileRef = 8E6403681BCB3F3300EF3C4C /* AppDelegate.m */; };
		8E64036C1BCB3F3300EF3C4C /* ViewController.m in Sources */ = {isa = PBXBuildFile; fileRef = 8E64036B1BCB3F3300EF3C4C /* ViewController.m */; };
		8E64036F1BCB3F3300EF3C4C /* Main.storyboard in Resources */ = {isa = PBXBuildFile; fileRef = 8E64036D1BCB3F3300EF3C4C /* Main.storyboard */; };
		8E6403711BCB3F3300EF3C4C /* Images.xcassets in Resources */ = {isa = PBXBuildFile; fileRef = 8E6403701BCB3F3300EF3C4C /* Images.xcassets */; };
		8E6403741BCB3F3300EF3C4C /* LaunchScreen.xib in Resources */ = {isa = PBXBuildFile; fileRef = 8E6403721BCB3F3300EF3C4C /* LaunchScreen.xib */; };
		8E6403801BCB3F3300EF3C4C /* employeeInfoTests.m in Sources */ = {isa = PBXBuildFile; fileRef = 8E64037F1BCB3F3300EF3C4C /* employeeInfoTests.m */; };
		8E64038E1BCB3FF300EF3C4C /* DbManager.m in Sources */ = {isa = PBXBuildFile; fileRef = 8E64038D1BCB3FF300EF3C4C /* DbManager.m */; };
		8E6403901BCB498700EF3C4C /* employee.db in Resources */ = {isa = PBXBuildFile; fileRef = 8E64038F1BCB498700EF3C4C /* employee.db */; };
		8E6403931BCB4E8400EF3C4C /* libsqlite3.0.dylib in Frameworks */ = {isa = PBXBuildFile; fileRef = 8E6403911BCB4E8400EF3C4C /* libsqlite3.0.dylib */; };
		8E6403941BCB4E8400EF3C4C /* libsqlite3.dylib in Frameworks */ = {isa = PBXBuildFile; fileRef = 8E6403921BCB4E8400EF3C4C /* libsqlite3.dylib */; };
		8E6403961BCB56CD00EF3C4C /* login_but.png in Resources */ = {isa = PBXBuildFile; fileRef = 8E6403951BCB56CD00EF3C4C /* login_but.png */; };
		8E6403991BCB5DD900EF3C4C /* loginViewController.m in Sources */ = {isa = PBXBuildFile; fileRef = 8E6403981BCB5DD900EF3C4C /* loginViewController.m */; };
		8E64039C1BCCCB4E00EF3C4C /* EmpListViewController.m in Sources */ = {isa = PBXBuildFile; fileRef = 8E64039B1BCCCB4E00EF3C4C /* EmpListViewController.m */; };
		8E64039F1BCD2D9200EF3C4C /* EmpDetViewController.m in Sources */ = {isa = PBXBuildFile; fileRef = 8E64039E1BCD2D9200EF3C4C /* EmpDetViewController.m */; };
/* End PBXBuildFile section */

/* Begin PBXContainerItemProxy section */
		8E64037A1BCB3F3300EF3C4C /* PBXContainerItemProxy */ = {
			isa = PBXContainerItemProxy;
			containerPortal = 8E6403581BCB3F3300EF3C4C /* Project object */;
			proxyType = 1;
			remoteGlobalIDString = 8E64035F1BCB3F3300EF3C4C;
			remoteInfo = employeeInfo;
		};
/* End PBXContainerItemProxy section */

/* Begin PBXFileReference section */
		8E6403601BCB3F3300EF3C4C /* employeeInfo.app */ = {isa = PBXFileReference; explicitFileType = wrapper.application; includeInIndex = 0; path = employeeInfo.app; sourceTree = BUILT_PRODUCTS_DIR; };
		8E6403641BCB3F3300EF3C4C /* Info.plist */ = {isa = PBXFileReference; lastKnownFileType = text.plist.xml; path = Info.plist; sourceTree = "<group>"; };
		8E6403651BCB3F3300EF3C4C /* main.m */ = {isa = PBXFileReference; lastKnownFileType = sourcecode.c.objc; path = main.m; sourceTree = "<group>"; };
		8E6403671BCB3F3300EF3C4C /* AppDelegate.h */ = {isa = PBXFileReference; lastKnownFileType = sourcecode.c.h; path = AppDelegate.h; sourceTree = "<group>"; };
		8E6403681BCB3F3300EF3C4C /* AppDelegate.m */ = {isa = PBXFileReference; lastKnownFileType = sourcecode.c.objc; path = AppDelegate.m; sourceTree = "<group>"; };
		8E64036A1BCB3F3300EF3C4C /* ViewController.h */ = {isa = PBXFileReference; lastKnownFileType = sourcecode.c.h; path = ViewController.h; sourceTree = "<group>"; };
		8E64036B1BCB3F3300EF3C4C /* ViewController.m */ = {isa = PBXFileReference; lastKnownFileType = sourcecode.c.objc; path = ViewController.m; sourceTree = "<group>"; };
		8E64036E1BCB3F3300EF3C4C /* Base */ = {isa = PBXFileReference; lastKnownFileType = file.storyboard; name = Base; path = Base.lproj/Main.storyboard; sourceTree = "<group>"; };
		8E6403701BCB3F3300EF3C4C /* Images.xcassets */ = {isa = PBXFileReference; lastKnownFileType = folder.assetcatalog; path = Images.xcassets; sourceTree = "<group>"; };
		8E6403731BCB3F3300EF3C4C /* Base */ = {isa = PBXFileReference; lastKnownFileType = file.xib; name = Base; path = Base.lproj/LaunchScreen.xib; sourceTree = "<group>"; };
		8E6403791BCB3F3300EF3C4C /* employeeInfoTests.xctest */ = {isa = PBXFileReference; explicitFileType = wrapper.cfbundle; includeInIndex = 0; path = employeeInfoTests.xctest; sourceTree = BUILT_PRODUCTS_DIR; };
		8E64037E1BCB3F3300EF3C4C /* Info.plist */ = {isa = PBXFileReference; lastKnownFileType = text.plist.xml; path = Info.plist; sourceTree = "<group>"; };
		8E64037F1BCB3F3300EF3C4C /* employeeInfoTests.m */ = {isa = PBXFileReference; lastKnownFileType = sourcecode.c.objc; path = employeeInfoTests.m; sourceTree = "<group>"; };
		8E64038C1BCB3FF300EF3C4C /* DbManager.h */ = {isa = PBXFileReference; fileEncoding = 4; lastKnownFileType = sourcecode.c.h; path = DbManager.h; sourceTree = "<group>"; };
		8E64038D1BCB3FF300EF3C4C /* DbManager.m */ = {isa = PBXFileReference; fileEncoding = 4; lastKnownFileType = sourcecode.c.objc; path = DbManager.m; sourceTree = "<group>"; };
		8E64038F1BCB498700EF3C4C /* employee.db */ = {isa = PBXFileReference; lastKnownFileType = file; path = employee.db; sourceTree = "<group>"; };
		8E6403911BCB4E8400EF3C4C /* libsqlite3.0.dylib */ = {isa = PBXFileReference; lastKnownFileType = "compiled.mach-o.dylib"; name = libsqlite3.0.dylib; path = usr/lib/libsqlite3.0.dylib; sourceTree = SDKROOT; };
		8E6403921BCB4E8400EF3C4C /* libsqlite3.dylib */ = {isa = PBXFileReference; lastKnownFileType = "compiled.mach-o.dylib"; name = libsqlite3.dylib; path = usr/lib/libsqlite3.dylib; sourceTree = SDKROOT; };
		8E6403951BCB56CD00EF3C4C /* login_but.png */ = {isa = PBXFileReference; lastKnownFileType = image.png; path = login_but.png; sourceTree = "<group>"; };
		8E6403971BCB5DD900EF3C4C /* loginViewController.h */ = {isa = PBXFileReference; fileEncoding = 4; lastKnownFileType = sourcecode.c.h; path = loginViewController.h; sourceTree = "<group>"; };
		8E6403981BCB5DD900EF3C4C /* loginViewController.m */ = {isa = PBXFileReference; fileEncoding = 4; lastKnownFileType = sourcecode.c.objc; path = loginViewController.m; sourceTree = "<group>"; };
		8E64039A1BCCCB4E00EF3C4C /* EmpListViewController.h */ = {isa = PBXFileReference; fileEncoding = 4; lastKnownFileType = sourcecode.c.h; path = EmpListViewController.h; sourceTree = "<group>"; };
		8E64039B1BCCCB4E00EF3C4C /* EmpListViewController.m */ = {isa = PBXFileReference; fileEncoding = 4; lastKnownFileType = sourcecode.c.objc; path = EmpListViewController.m; sourceTree = "<group>"; };
		8E64039D1BCD2D9200EF3C4C /* EmpDetViewController.h */ = {isa = PBXFileReference; fileEncoding = 4; lastKnownFileType = sourcecode.c.h; path = EmpDetViewController.h; sourceTree = "<group>"; };
		8E64039E1BCD2D9200EF3C4C /* EmpDetViewController.m */ = {isa = PBXFileReference; fileEncoding = 4; lastKnownFileType = sourcecode.c.objc; path = EmpDetViewController.m; sourceTree = "<group>"; };
/* End PBXFileReference section */

/* Begin PBXFrameworksBuildPhase section */
		8E64035D1BCB3F3300EF3C4C /* Frameworks */ = {
			isa = PBXFrameworksBuildPhase;
			buildActionMask = 2147483647;
			files = (
				8E6403931BCB4E8400EF3C4C /* libsqlite3.0.dylib in Frameworks */,
				8E6403941BCB4E8400EF3C4C /* libsqlite3.dylib in Frameworks */,
			);
			runOnlyForDeploymentPostprocessing = 0;
		};
		8E6403761BCB3F3300EF3C4C /* Frameworks */ = {
			isa = PBXFrameworksBuildPhase;
			buildActionMask = 2147483647;
			files = (
			);
			runOnlyForDeploymentPostprocessing = 0;
		};
/* End PBXFrameworksBuildPhase section */

/* Begin PBXGroup section */
		8E6403571BCB3F3300EF3C4C = {
			isa = PBXGroup;
			children = (
				8E6403911BCB4E8400EF3C4C /* libsqlite3.0.dylib */,
				8E6403921BCB4E8400EF3C4C /* libsqlite3.dylib */,
				8E6403621BCB3F3300EF3C4C /* employeeInfo */,
				8E64037C1BCB3F3300EF3C4C /* employeeInfoTests */,
				8E6403611BCB3F3300EF3C4C /* Products */,
			);
			sourceTree = "<group>";
		};
		8E6403611BCB3F3300EF3C4C /* Products */ = {
			isa = PBXGroup;
			children = (
				8E6403601BCB3F3300EF3C4C /* employeeInfo.app */,
				8E6403791BCB3F3300EF3C4C /* employeeInfoTests.xctest */,
			);
			name = Products;
			sourceTree = "<group>";
		};
		8E6403621BCB3F3300EF3C4C /* employeeInfo */ = {
			isa = PBXGroup;
			children = (
				8E6403671BCB3F3300EF3C4C /* AppDelegate.h */,
				8E6403681BCB3F3300EF3C4C /* AppDelegate.m */,
				8E6403891BCB3F5900EF3C4C /* Model */,
				8E64038A1BCB3F6700EF3C4C /* View */,
				8E64038B1BCB3F6E00EF3C4C /* Controller */,
				8E6403701BCB3F3300EF3C4C /* Images.xcassets */,
				8E6403631BCB3F3300EF3C4C /* Supporting Files */,
			);
			path = employeeInfo;
			sourceTree = "<group>";
		};
		8E6403631BCB3F3300EF3C4C /* Supporting Files */ = {
			isa = PBXGroup;
			children = (
				8E6403951BCB56CD00EF3C4C /* login_but.png */,
				8E64038F1BCB498700EF3C4C /* employee.db */,
				8E6403641BCB3F3300EF3C4C /* Info.plist */,
				8E6403651BCB3F3300EF3C4C /* main.m */,
			);
			name = "Supporting Files";
			sourceTree = "<group>";
		};
		8E64037C1BCB3F3300EF3C4C /* employeeInfoTests */ = {
			isa = PBXGroup;
			children = (
				8E64037F1BCB3F3300EF3C4C /* employeeInfoTests.m */,
				8E64037D1BCB3F3300EF3C4C /* Supporting Files */,
			);
			path = employeeInfoTests;
			sourceTree = "<group>";
		};
		8E64037D1BCB3F3300EF3C4C /* Supporting Files */ = {
			isa = PBXGroup;
			children = (
				8E64037E1BCB3F3300EF3C4C /* Info.plist */,
			);
			name = "Supporting Files";
			sourceTree = "<group>";
		};
		8E6403891BCB3F5900EF3C4C /* Model */ = {
			isa = PBXGroup;
			children = (
				8E64038C1BCB3FF300EF3C4C /* DbManager.h */,
				8E64038D1BCB3FF300EF3C4C /* DbManager.m */,
			);
			name = Model;
			sourceTree = "<group>";
		};
		8E64038A1BCB3F6700EF3C4C /* View */ = {
			isa = PBXGroup;
			children = (
				8E6403721BCB3F3300EF3C4C /* LaunchScreen.xib */,
				8E64036D1BCB3F3300EF3C4C /* Main.storyboard */,
			);
			name = View;
			sourceTree = "<group>";
		};
		8E64038B1BCB3F6E00EF3C4C /* Controller */ = {
			isa = PBXGroup;
			children = (
				8E64039D1BCD2D9200EF3C4C /* EmpDetViewController.h */,
				8E64039E1BCD2D9200EF3C4C /* EmpDetViewController.m */,
				8E6403971BCB5DD900EF3C4C /* loginViewController.h */,
				8E6403981BCB5DD900EF3C4C /* loginViewController.m */,
				8E64039A1BCCCB4E00EF3C4C /* EmpListViewController.h */,
				8E64039B1BCCCB4E00EF3C4C /* EmpListViewController.m */,
				8E64036A1BCB3F3300EF3C4C /* ViewController.h */,
				8E64036B1BCB3F3300EF3C4C /* ViewController.m */,
			);
			name = Controller;
			sourceTree = "<group>";
		};
/* End PBXGroup section */

/* Begin PBXNativeTarget section */
		8E64035F1BCB3F3300EF3C4C /* employeeInfo */ = {
			isa = PBXNativeTarget;
			buildConfigurationList = 8E6403831BCB3F3300EF3C4C /* Build configuration list for PBXNativeTarget "employeeInfo" */;
			buildPhases = (
				8E64035C1BCB3F3300EF3C4C /* Sources */,
				8E64035D1BCB3F3300EF3C4C /* Frameworks */,
				8E64035E1BCB3F3300EF3C4C /* Resources */,
			);
			buildRules = (
			);
			dependencies = (
			);
			name = employeeInfo;
			productName = employeeInfo;
			productReference = 8E6403601BCB3F3300EF3C4C /* employeeInfo.app */;
			productType = "com.apple.product-type.application";
		};
		8E6403781BCB3F3300EF3C4C /* employeeInfoTests */ = {
			isa = PBXNativeTarget;
			buildConfigurationList = 8E6403861BCB3F3300EF3C4C /* Build configuration list for PBXNativeTarget "employeeInfoTests" */;
			buildPhases = (
				8E6403751BCB3F3300EF3C4C /* Sources */,
				8E6403761BCB3F3300EF3C4C /* Frameworks */,
				8E6403771BCB3F3300EF3C4C /* Resources */,
			);
			buildRules = (
			);
			dependencies = (
				8E64037B1BCB3F3300EF3C4C /* PBXTargetDependency */,
			);
			name = employeeInfoTests;
			productName = employeeInfoTests;
			productReference = 8E6403791BCB3F3300EF3C4C /* employeeInfoTests.xctest */;
			productType = "com.apple.product-type.bundle.unit-test";
		};
/* End PBXNativeTarget section */

/* Begin PBXProject section */
		8E6403581BCB3F3300EF3C4C /* Project object */ = {
			isa = PBXProject;
			attributes = {
				LastUpgradeCheck = 0640;
				ORGANIZATIONNAME = panther;
				TargetAttributes = {
					8E64035F1BCB3F3300EF3C4C = {
						CreatedOnToolsVersion = 6.4;
					};
					8E6403781BCB3F3300EF3C4C = {
						CreatedOnToolsVersion = 6.4;
						TestTargetID = 8E64035F1BCB3F3300EF3C4C;
					};
				};
			};
			buildConfigurationList = 8E64035B1BCB3F3300EF3C4C /* Build configuration list for PBXProject "employeeInfo" */;
			compatibilityVersion = "Xcode 3.2";
			developmentRegion = English;
			hasScannedForEncodings = 0;
			knownRegions = (
				en,
				Base,
			);
			mainGroup = 8E6403571BCB3F3300EF3C4C;
			productRefGroup = 8E6403611BCB3F3300EF3C4C /* Products */;
			projectDirPath = "";
			projectRoot = "";
			targets = (
				8E64035F1BCB3F3300EF3C4C /* employeeInfo */,
				8E6403781BCB3F3300EF3C4C /* employeeInfoTests */,
			);
		};
/* End PBXProject section */

/* Begin PBXResourcesBuildPhase section */
		8E64035E1BCB3F3300EF3C4C /* Resources */ = {
			isa = PBXResourcesBuildPhase;
			buildActionMask = 2147483647;
			files = (
				8E6403961BCB56CD00EF3C4C /* login_but.png in Resources */,
				8E64036F1BCB3F3300EF3C4C /* Main.storyboard in Resources */,
				8E6403741BCB3F3300EF3C4C /* LaunchScreen.xib in Resources */,
				8E6403711BCB3F3300EF3C4C /* Images.xcassets in Resources */,
				8E6403901BCB498700EF3C4C /* employee.db in Resources */,
			);
			runOnlyForDeploymentPostprocessing = 0;
		};
		8E6403771BCB3F3300EF3C4C /* Resources */ = {
			isa = PBXResourcesBuildPhase;
			buildActionMask = 2147483647;
			files = (
			);
			runOnlyForDeploymentPostprocessing = 0;
		};
/* End PBXResourcesBuildPhase section */

/* Begin PBXSourcesBuildPhase section */
		8E64035C1BCB3F3300EF3C4C /* Sources */ = {
			isa = PBXSourcesBuildPhase;
			buildActionMask = 2147483647;
			files = (
				8E64036C1BCB3F3300EF3C4C /* ViewController.m in Sources */,
				8E6403991BCB5DD900EF3C4C /* loginViewController.m in Sources */,
				8E6403691BCB3F3300EF3C4C /* AppDelegate.m in Sources */,
				8E6403661BCB3F3300EF3C4C /* main.m in Sources */,
				8E64038E1BCB3FF300EF3C4C /* DbManager.m in Sources */,
				8E64039F1BCD2D9200EF3C4C /* EmpDetViewController.m in Sources */,
				8E64039C1BCCCB4E00EF3C4C /* EmpListViewController.m in Sources */,
			);
			runOnlyForDeploymentPostprocessing = 0;
		};
		8E6403751BCB3F3300EF3C4C /* Sources */ = {
			isa = PBXSourcesBuildPhase;
			buildActionMask = 2147483647;
			files = (
				8E6403801BCB3F3300EF3C4C /* employeeInfoTests.m in Sources */,
			);
			runOnlyForDeploymentPostprocessing = 0;
		};
/* End PBXSourcesBuildPhase section */

/* Begin PBXTargetDependency section */
		8E64037B1BCB3F3300EF3C4C /* PBXTargetDependency */ = {
			isa = PBXTargetDependency;
			target = 8E64035F1BCB3F3300EF3C4C /* employeeInfo */;
			targetProxy = 8E64037A1BCB3F3300EF3C4C /* PBXContainerItemProxy */;
		};
/* End PBXTargetDependency section */

/* Begin PBXVariantGroup section */
		8E64036D1BCB3F3300EF3C4C /* Main.storyboard */ = {
			isa = PBXVariantGroup;
			children = (
				8E64036E1BCB3F3300EF3C4C /* Base */,
			);
			name = Main.storyboard;
			sourceTree = "<group>";
		};
		8E6403721BCB3F3300EF3C4C /* LaunchScreen.xib */ = {
			isa = PBXVariantGroup;
			children = (
				8E6403731BCB3F3300EF3C4C /* Base */,
			);
			name = LaunchScreen.xib;
			sourceTree = "<group>";
		};
/* End PBXVariantGroup section */

/* Begin XCBuildConfiguration section */
		8E6403811BCB3F3300EF3C4C /* Debug */ = {
			isa = XCBuildConfiguration;
			buildSettings = {
				ALWAYS_SEARCH_USER_PATHS = NO;
				CLANG_CXX_LANGUAGE_STANDARD = "gnu++0x";
				CLANG_CXX_LIBRARY = "libc++";
				CLANG_ENABLE_MODULES = YES;
				CLANG_ENABLE_OBJC_ARC = YES;
				CLANG_WARN_BOOL_CONVERSION = YES;
				CLANG_WARN_CONSTANT_CONVERSION = YES;
				CLANG_WARN_DIRECT_OBJC_ISA_USAGE = YES_ERROR;
				CLANG_WARN_EMPTY_BODY = YES;
				CLANG_WARN_ENUM_CONVERSION = YES;
				CLANG_WARN_INT_CONVERSION = YES;
				CLANG_WARN_OBJC_ROOT_CLASS = YES_ERROR;
				CLANG_WARN_UNREACHABLE_CODE = YES;
				CLANG_WARN__DUPLICATE_METHOD_MATCH = YES;
				"CODE_SIGN_IDENTITY[sdk=iphoneos*]" = "iPhone Developer";
				COPY_PHASE_STRIP = NO;
				DEBUG_INFORMATION_FORMAT = "dwarf-with-dsym";
				ENABLE_STRICT_OBJC_MSGSEND = YES;
				GCC_C_LANGUAGE_STANDARD = gnu99;
				GCC_DYNAMIC_NO_PIC = NO;
				GCC_NO_COMMON_BLOCKS = YES;
				GCC_OPTIMIZATION_LEVEL = 0;
				GCC_PREPROCESSOR_DEFINITIONS = (
					"DEBUG=1",
					"$(inherited)",
				);
				GCC_SYMBOLS_PRIVATE_EXTERN = NO;
				GCC_WARN_64_TO_32_BIT_CONVERSION = YES;
				GCC_WARN_ABOUT_RETURN_TYPE = YES_ERROR;
				GCC_WARN_UNDECLARED_SELECTOR = YES;
				GCC_WARN_UNINITIALIZED_AUTOS = YES_AGGRESSIVE;
				GCC_WARN_UNUSED_FUNCTION = YES;
				GCC_WARN_UNUSED_VARIABLE = YES;
				IPHONEOS_DEPLOYMENT_TARGET = 8.4;
				MTL_ENABLE_DEBUG_INFO = YES;
				ONLY_ACTIVE_ARCH = YES;
				SDKROOT = iphoneos;
			};
			name = Debug;
		};
		8E6403821BCB3F3300EF3C4C /* Release */ = {
			isa = XCBuildConfiguration;
			buildSettings = {
				ALWAYS_SEARCH_USER_PATHS = NO;
				CLANG_CXX_LANGUAGE_STANDARD = "gnu++0x";
				CLANG_CXX_LIBRARY = "libc++";
				CLANG_ENABLE_MODULES = YES;
				CLANG_ENABLE_OBJC_ARC = YES;
				CLANG_WARN_BOOL_CONVERSION = YES;
				CLANG_WARN_CONSTANT_CONVERSION = YES;
				CLANG_WARN_DIRECT_OBJC_ISA_USAGE = YES_ERROR;
				CLANG_WARN_EMPTY_BODY = YES;
				CLANG_WARN_ENUM_CONVERSION = YES;
				CLANG_WARN_INT_CONVERSION = YES;
				CLANG_WARN_OBJC_ROOT_CLASS = YES_ERROR;
				CLANG_WARN_UNREACHABLE_CODE = YES;
				CLANG_WARN__DUPLICATE_METHOD_MATCH = YES;
				"CODE_SIGN_IDENTITY[sdk=iphoneos*]" = "iPhone Developer";
				COPY_PHASE_STRIP = NO;
				DEBUG_INFORMATION_FORMAT = "dwarf-with-dsym";
				ENABLE_NS_ASSERTIONS = NO;
				ENABLE_STRICT_OBJC_MSGSEND = YES;
				GCC_C_LANGUAGE_STANDARD = gnu99;
				GCC_NO_COMMON_BLOCKS = YES;
				GCC_WARN_64_TO_32_BIT_CONVERSION = YES;
				GCC_WARN_ABOUT_RETURN_TYPE = YES_ERROR;
				GCC_WARN_UNDECLARED_SELECTOR = YES;
				GCC_WARN_UNINITIALIZED_AUTOS = YES_AGGRESSIVE;
				GCC_WARN_UNUSED_FUNCTION = YES;
				GCC_WARN_UNUSED_VARIABLE = YES;
				IPHONEOS_DEPLOYMENT_TARGET = 8.4;
				MTL_ENABLE_DEBUG_INFO = NO;
				SDKROOT = iphoneos;
				VALIDATE_PRODUCT = YES;
			};
			name = Release;
		};
		8E6403841BCB3F3300EF3C4C /* Debug */ = {
			isa = XCBuildConfiguration;
			buildSettings = {
				ASSETCATALOG_COMPILER_APPICON_NAME = AppIcon;
				INFOPLIST_FILE = employeeInfo/Info.plist;
				LD_RUNPATH_SEARCH_PATHS = "$(inherited) @executable_path/Frameworks";
				PRODUCT_NAME = "$(TARGET_NAME)";
			};
			name = Debug;
		};
		8E6403851BCB3F3300EF3C4C /* Release */ = {
			isa = XCBuildConfiguration;
			buildSettings = {
				ASSETCATALOG_COMPILER_APPICON_NAME = AppIcon;
				INFOPLIST_FILE = employeeInfo/Info.plist;
				LD_RUNPATH_SEARCH_PATHS = "$(inherited) @executable_path/Frameworks";
				PRODUCT_NAME = "$(TARGET_NAME)";
			};
			name = Release;
		};
		8E6403871BCB3F3300EF3C4C /* Debug */ = {
			isa = XCBuildConfiguration;
			buildSettings = {
				BUNDLE_LOADER = "$(TEST_HOST)";
				FRAMEWORK_SEARCH_PATHS = (
					"$(SDKROOT)/Developer/Library/Frameworks",
					"$(inherited)",
				);
				GCC_PREPROCESSOR_DEFINITIONS = (
					"DEBUG=1",
					"$(inherited)",
				);
				INFOPLIST_FILE = employeeInfoTests/Info.plist;
				LD_RUNPATH_SEARCH_PATHS = "$(inherited) @executable_path/Frameworks @loader_path/Frameworks";
				PRODUCT_NAME = "$(TARGET_NAME)";
				TEST_HOST = "$(BUILT_PRODUCTS_DIR)/employeeInfo.app/employeeInfo";
			};
			name = Debug;
		};
		8E6403881BCB3F3300EF3C4C /* Release */ = {
			isa = XCBuildConfiguration;
			buildSettings = {
				BUNDLE_LOADER = "$(TEST_HOST)";
				FRAMEWORK_SEARCH_PATHS = (
					"$(SDKROOT)/Developer/Library/Frameworks",
					"$(inherited)",
				);
				INFOPLIST_FILE = employeeInfoTests/Info.plist;
				LD_RUNPATH_SEARCH_PATHS = "$(inherited) @executable_path/Frameworks @loader_path/Frameworks";
				PRODUCT_NAME = "$(TARGET_NAME)";
				TEST_HOST = "$(BUILT_PRODUCTS_DIR)/employeeInfo.app/employeeInfo";
			};
			name = Release;
		};
/* End XCBuildConfiguration section */

/* Begin XCConfigurationList section */
		8E64035B1BCB3F3300EF3C4C /* Build configuration list for PBXProject "employeeInfo" */ = {
			isa = XCConfigurationList;
			buildConfigurations = (
				8E6403811BCB3F3300EF3C4C /* Debug */,
				8E6403821BCB3F3300EF3C4C /* Release */,
			);
			defaultConfigurationIsVisible = 0;
			defaultConfigurationName = Release;
		};
		8E6403831BCB3F3300EF3C4C /* Build configuration list for PBXNativeTarget "employeeInfo" */ = {
			isa = XCConfigurationList;
			buildConfigurations = (
				8E6403841BCB3F3300EF3C4C /* Debug */,
				8E6403851BCB3F3300EF3C4C /* Release */,
			);
			defaultConfigurationIsVisible = 0;
		};
		8E6403861BCB3F3300EF3C4C /* Build configuration list for PBXNativeTarget "employeeInfoTests" */ = {
			isa = XCConfigurationList;
			buildConfigurations = (
				8E6403871BCB3F3300EF3C4C /* Debug */,
				8E6403881BCB3F3300EF3C4C /* Release */,
			);
			defaultConfigurationIsVisible = 0;
		};
/* End XCConfigurationList section */
	};
	rootObject = 8E6403581BCB3F3300EF3C4C /* Project object */;
}
